
Microsoft Visual Studio Solution File, Format Version 12.00
# Visual Studio Version 17
VisualStudioVersion = 17.14.36414.22
MinimumVisualStudioVersion = 10.0.40219.1
Project("{2150E333-8FDC-42A3-9474-1A3956D46DE8}") = "Task 0", "Task 0", "{02EA681E-C7D8-13C7-8484-4AC65E1B71E8}"
EndProject
Project("{FAE04EC0-301F-11D3-BF4B-00C04F79EFBC}") = "Tyuiu.PankovaAA.Sprint5.Task0.V18", "Tyuiu.PankovaAA.Sprint5.Task0.V18\Tyuiu.PankovaAA.Sprint5.Task0.V18.csproj", "{55297842-FE34-47DE-8855-C6EA9A09AA77}"
EndProject
Project("{FAE04EC0-301F-11D3-BF4B-00C04F79EFBC}") = "Tyuiu.PankovaAA.Sprint5.Task0.V18.Lib", "Tyuiu.PankovaAA.Sprint5.Task0.V18.Lib\Tyuiu.PankovaAA.Sprint5.Task0.V18.Lib.csproj", "{3087ECD0-118D-4BC6-8389-B8A1D775A348}"
EndProject
Project("{FAE04EC0-301F-11D3-BF4B-00C04F79EFBC}") = "Tyuiu.PankovaAA.Sprint5.Task0.V18.Test", "Tyuiu.PankovaAA.Sprint5.Task0.V18.Test\Tyuiu.PankovaAA.Sprint5.Task0.V18.Test.csproj", "{0C024F98-2D75-4A2E-B5EE-5561B936F21C}"
EndProject
Project("{2150E333-8FDC-42A3-9474-1A3956D46DE8}") = "Task 1", "Task 1", "{508EC674-60C1-4775-BBC1-741A91BD9217}"
EndProject
Project("{FAE04EC0-301F-11D3-BF4B-00C04F79EFBC}") = "Tyuiu.PankovaAA.Sprint5.Task1.V16", "Tyuiu.PankovaAA.Sprint5.Task1.V16\Tyuiu.PankovaAA.Sprint5.Task1.V16.csproj", "{B2AD78FA-E44E-4D1E-AA65-2C3F23497AFC}"
EndProject
Project("{FAE04EC0-301F-11D3-BF4B-00C04F79EFBC}") = "Tyuiu.PankovaAA.Sprint5.Task1.V16.Lib", "Tyuiu.PankovaAA.Sprint5.Task1.V16.Lib\Tyuiu.PankovaAA.Sprint5.Task1.V16.Lib.csproj", "{59B29D38-0931-432E-B976-C557E77583F6}"
EndProject
Project("{FAE04EC0-301F-11D3-BF4B-00C04F79EFBC}") = "Tyuiu.PankovaAA.Sprint5.Task1.V16.Test", "Tyuiu.PankovaAA.Sprint5.Task1.V16.Test\Tyuiu.PankovaAA.Sprint5.Task1.V16.Test.csproj", "{F10F6448-2A0B-4769-A8B4-BE4BED783BD6}"
EndProject
Project("{2150E333-8FDC-42A3-9474-1A3956D46DE8}") = "Task 2", "Task 2", "{FB7B0301-3921-46BE-AE57-CEFA4AE45408}"
EndProject
Project("{FAE04EC0-301F-11D3-BF4B-00C04F79EFBC}") = "Tyuiu.PankovaAA.Sprint5.Task2.V18", "Tyuiu.PankovaAA.Sprint5.Task2.V18\Tyuiu.PankovaAA.Sprint5.Task2.V18.csproj", "{4901B5C6-F67A-4963-96EE-BB947947B6E9}"
EndProject
Project("{FAE04EC0-301F-11D3-BF4B-00C04F79EFBC}") = "Tyuiu.PankovaAA.Sprint5.Task2.V18.Lib", "Tyuiu.PankovaAA.Sprint5.Task2.V18.Lib\Tyuiu.PankovaAA.Sprint5.Task2.V18.Lib.csproj", "{21353F1B-0598-4575-9D82-5DEBA71C998C}"
EndProject
Project("{FAE04EC0-301F-11D3-BF4B-00C04F79EFBC}") = "Tyuiu.PankovaAA.Sprint5.Task2.V18.Test", "Tyuiu.PankovaAA.Sprint5.Task2.V18.Test\Tyuiu.PankovaAA.Sprint5.Task2.V18.Test.csproj", "{85504BEE-D9A5-45C9-A1E4-90DDD44580F5}"
EndProject
Project("{2150E333-8FDC-42A3-9474-1A3956D46DE8}") = "Task 3", "Task 3", "{A2AAE962-B174-4023-B25E-8562168B854C}"
EndProject
Project("{FAE04EC0-301F-11D3-BF4B-00C04F79EFBC}") = "Tyuiu.PankovaAA.Sprint5.Task3.V10", "Tyuiu.PankovaAA.Sprint5.Task3.V10\Tyuiu.PankovaAA.Sprint5.Task3.V10.csproj", "{8F895CCA-A8AB-4EA8-9E5E-893AAFCC21CC}"
EndProject
Project("{FAE04EC0-301F-11D3-BF4B-00C04F79EFBC}") = "Tyuiu.PankovaAA.Sprint5.Task3.V10.Lib", "Tyuiu.PankovaAA.Sprint5.Task3.V10.Lib\Tyuiu.PankovaAA.Sprint5.Task3.V10.Lib.csproj", "{4F0CEDFF-701F-4BCB-BE57-2B6D868F8482}"
EndProject
Project("{FAE04EC0-301F-11D3-BF4B-00C04F79EFBC}") = "Tyuiu.PankovaAA.Sprint5.Task3.V10.Test", "Tyuiu.PankovaAA.Sprint5.Task3.V10.Test\Tyuiu.PankovaAA.Sprint5.Task3.V10.Test.csproj", "{F5A63A2F-198B-4B77-A567-2D839E90E2D5}"
EndProject
Project("{2150E333-8FDC-42A3-9474-1A3956D46DE8}") = "Task 4", "Task 4", "{AA6D7534-D418-40C9-90E0-2A9792316385}"
EndProject
Project("{FAE04EC0-301F-11D3-BF4B-00C04F79EFBC}") = "Tyuiu.PankovaAA.Sprint5.Task4.V24", "Tyuiu.PankovaAA.Sprint5.Task4.V24\Tyuiu.PankovaAA.Sprint5.Task4.V24.csproj", "{8CD79991-87B9-4C71-828D-821C4C16FB65}"
EndProject
Project("{FAE04EC0-301F-11D3-BF4B-00C04F79EFBC}") = "Tyuiu.PankovaAA.Sprint5.Task4.V24.Lib", "Tyuiu.PankovaAA.Sprint5.Task4.V24.Lib\Tyuiu.PankovaAA.Sprint5.Task4.V24.Lib.csproj", "{B94DB05B-C036-4F06-8A54-A4F54FD29384}"
EndProject
Project("{FAE04EC0-301F-11D3-BF4B-00C04F79EFBC}") = "Tyuiu.PankovaAA.Sprint5.Task4.V24.Test", "Tyuiu.PankovaAA.Sprint5.Task4.V24.Test\Tyuiu.PankovaAA.Sprint5.Task4.V24.Test.csproj", "{590FA621-FBF7-4922-AD94-9B018E018094}"
EndProject
Project("{2150E333-8FDC-42A3-9474-1A3956D46DE8}") = "Task 5", "Task 5", "{A28551BB-0E18-4755-9AEF-71A1409E2F3E}"
EndProject
Project("{FAE04EC0-301F-11D3-BF4B-00C04F79EFBC}") = "Tyuiu.PankovaAA.Sprint5.Task5.V15", "Tyuiu.PankovaAA.Sprint5.Task5.V15\Tyuiu.PankovaAA.Sprint5.Task5.V15.csproj", "{50C38C23-C181-4F07-9B28-CC27BAC0D3A3}"
EndProject
Project("{FAE04EC0-301F-11D3-BF4B-00C04F79EFBC}") = "Tyuiu.PankovaAA.Sprint5.Task5.V15.Lib", "Tyuiu.PankovaAA.Sprint5.Task5.V15.Lib\Tyuiu.PankovaAA.Sprint5.Task5.V15.Lib.csproj", "{FC15AE9E-C392-4022-BA52-18FB67C6971F}"
EndProject
Project("{FAE04EC0-301F-11D3-BF4B-00C04F79EFBC}") = "Tyuiu.PankovaAA.Sprint5.Task5.V15.Test", "Tyuiu.PankovaAA.Sprint5.Task5.V15.Test\Tyuiu.PankovaAA.Sprint5.Task5.V15.Test.csproj", "{BA940446-C7FC-4E42-89E6-07678CAD8533}"
EndProject
Project("{2150E333-8FDC-42A3-9474-1A3956D46DE8}") = "Task 6", "Task 6", "{D200BA67-CA4D-4746-AF1B-9D38310F3529}"
EndProject
Project("{FAE04EC0-301F-11D3-BF4B-00C04F79EFBC}") = "Tyuiu.PankovaAA.Sprint5.Task6.V13", "Tyuiu.PankovaAA.Sprint5.Task6.V13\Tyuiu.PankovaAA.Sprint5.Task6.V13.csproj", "{5D855962-3DCA-4F31-8EA3-CAF8FE852A8F}"
EndProject
Project("{FAE04EC0-301F-11D3-BF4B-00C04F79EFBC}") = "Tyuiu.PankovaAA.Sprint5.Task6.V13.Lib", "Tyuiu.PankovaAA.Sprint5.Task6.V13.Lib\Tyuiu.PankovaAA.Sprint5.Task6.V13.Lib.csproj", "{61761649-0629-4674-AF62-BDF84FB2D9E3}"
EndProject
Project("{FAE04EC0-301F-11D3-BF4B-00C04F79EFBC}") = "Tyuiu.PankovaAA.Sprint5.Task6.V13.Test", "Tyuiu.PankovaAA.Sprint5.Task6.V13.Test\Tyuiu.PankovaAA.Sprint5.Task6.V13.Test.csproj", "{134A718C-31B7-480F-AEDE-4BC6D331DF34}"
EndProject
Project("{2150E333-8FDC-42A3-9474-1A3956D46DE8}") = "Task 7", "Task 7", "{EC137AF6-763E-4C06-83E4-8014C1A19829}"
EndProject
Project("{FAE04EC0-301F-11D3-BF4B-00C04F79EFBC}") = "Tyuiu.PankovaAA.Sprint5.Task7.V16", "Tyuiu.PankovaAA.Sprint5.Task7.V16\Tyuiu.PankovaAA.Sprint5.Task7.V16.csproj", "{E4C9E1EA-0B71-4301-8FBF-0C60C8F0EDF3}"
EndProject
Project("{FAE04EC0-301F-11D3-BF4B-00C04F79EFBC}") = "Tyuiu.PankovaAA.Sprint5.Task7.V16.Lib", "Tyuiu.PankovaAA.Sprint5.Task7.V16.Lib\Tyuiu.PankovaAA.Sprint5.Task7.V16.Lib.csproj", "{36834C49-40E8-421C-96EF-6A28E287079E}"
EndProject
Project("{FAE04EC0-301F-11D3-BF4B-00C04F79EFBC}") = "Tyuiu.PankovaAA.Sprint5.Task7.V16.Test", "Tyuiu.PankovaAA.Sprint5.Task7.V16.Test\Tyuiu.PankovaAA.Sprint5.Task7.V16.Test.csproj", "{32782446-6689-4055-9AC0-4E9913BE62F4}"
EndProject
Global
	GlobalSection(SolutionConfigurationPlatforms) = preSolution
		Debug|Any CPU = Debug|Any CPU
		Release|Any CPU = Release|Any CPU
	EndGlobalSection
	GlobalSection(ProjectConfigurationPlatforms) = postSolution
		{55297842-FE34-47DE-8855-C6EA9A09AA77}.Debug|Any CPU.ActiveCfg = Debug|Any CPU
		{55297842-FE34-47DE-8855-C6EA9A09AA77}.Debug|Any CPU.Build.0 = Debug|Any CPU
		{55297842-FE34-47DE-8855-C6EA9A09AA77}.Release|Any CPU.ActiveCfg = Release|Any CPU
		{55297842-FE34-47DE-8855-C6EA9A09AA77}.Release|Any CPU.Build.0 = Release|Any CPU
		{3087ECD0-118D-4BC6-8389-B8A1D775A348}.Debug|Any CPU.ActiveCfg = Debug|Any CPU
		{3087ECD0-118D-4BC6-8389-B8A1D775A348}.Debug|Any CPU.Build.0 = Debug|Any CPU
		{3087ECD0-118D-4BC6-8389-B8A1D775A348}.Release|Any CPU.ActiveCfg = Release|Any CPU
		{3087ECD0-118D-4BC6-8389-B8A1D775A348}.Release|Any CPU.Build.0 = Release|Any CPU
		{0C024F98-2D75-4A2E-B5EE-5561B936F21C}.Debug|Any CPU.ActiveCfg = Debug|Any CPU
		{0C024F98-2D75-4A2E-B5EE-5561B936F21C}.Debug|Any CPU.Build.0 = Debug|Any CPU
		{0C024F98-2D75-4A2E-B5EE-5561B936F21C}.Release|Any CPU.ActiveCfg = Release|Any CPU
		{0C024F98-2D75-4A2E-B5EE-5561B936F21C}.Release|Any CPU.Build.0 = Release|Any CPU
		{B2AD78FA-E44E-4D1E-AA65-2C3F23497AFC}.Debug|Any CPU.ActiveCfg = Debug|Any CPU
		{B2AD78FA-E44E-4D1E-AA65-2C3F23497AFC}.Debug|Any CPU.Build.0 = Debug|Any CPU
		{B2AD78FA-E44E-4D1E-AA65-2C3F23497AFC}.Release|Any CPU.ActiveCfg = Release|Any CPU
		{B2AD78FA-E44E-4D1E-AA65-2C3F23497AFC}.Release|Any CPU.Build.0 = Release|Any CPU
		{59B29D38-0931-432E-B976-C557E77583F6}.Debug|Any CPU.ActiveCfg = Debug|Any CPU
		{59B29D38-0931-432E-B976-C557E77583F6}.Debug|Any CPU.Build.0 = Debug|Any CPU
		{59B29D38-0931-432E-B976-C557E77583F6}.Release|Any CPU.ActiveCfg = Release|Any CPU
		{59B29D38-0931-432E-B976-C557E77583F6}.Release|Any CPU.Build.0 = Release|Any CPU
		{F10F6448-2A0B-4769-A8B4-BE4BED783BD6}.Debug|Any CPU.ActiveCfg = Debug|Any CPU
		{F10F6448-2A0B-4769-A8B4-BE4BED783BD6}.Debug|Any CPU.Build.0 = Debug|Any CPU
		{F10F6448-2A0B-4769-A8B4-BE4BED783BD6}.Release|Any CPU.ActiveCfg = Release|Any CPU
		{F10F6448-2A0B-4769-A8B4-BE4BED783BD6}.Release|Any CPU.Build.0 = Release|Any CPU
		{4901B5C6-F67A-4963-96EE-BB947947B6E9}.Debug|Any CPU.ActiveCfg = Debug|Any CPU
		{4901B5C6-F67A-4963-96EE-BB947947B6E9}.Debug|Any CPU.Build.0 = Debug|Any CPU
		{4901B5C6-F67A-4963-96EE-BB947947B6E9}.Release|Any CPU.ActiveCfg = Release|Any CPU
		{4901B5C6-F67A-4963-96EE-BB947947B6E9}.Release|Any CPU.Build.0 = Release|Any CPU
		{21353F1B-0598-4575-9D82-5DEBA71C998C}.Debug|Any CPU.ActiveCfg = Debug|Any CPU
		{21353F1B-0598-4575-9D82-5DEBA71C998C}.Debug|Any CPU.Build.0 = Debug|Any CPU
		{21353F1B-0598-4575-9D82-5DEBA71C998C}.Release|Any CPU.ActiveCfg = Release|Any CPU
		{21353F1B-0598-4575-9D82-5DEBA71C998C}.Release|Any CPU.Build.0 = Release|Any CPU
		{85504BEE-D9A5-45C9-A1E4-90DDD44580F5}.Debug|Any CPU.ActiveCfg = Debug|Any CPU
		{85504BEE-D9A5-45C9-A1E4-90DDD44580F5}.Debug|Any CPU.Build.0 = Debug|Any CPU
		{85504BEE-D9A5-45C9-A1E4-90DDD44580F5}.Release|Any CPU.ActiveCfg = Release|Any CPU
		{85504BEE-D9A5-45C9-A1E4-90DDD44580F5}.Release|Any CPU.Build.0 = Release|Any CPU
		{8F895CCA-A8AB-4EA8-9E5E-893AAFCC21CC}.Debug|Any CPU.ActiveCfg = Debug|Any CPU
		{8F895CCA-A8AB-4EA8-9E5E-893AAFCC21CC}.Debug|Any CPU.Build.0 = Debug|Any CPU
		{8F895CCA-A8AB-4EA8-9E5E-893AAFCC21CC}.Release|Any CPU.ActiveCfg = Release|Any CPU
		{8F895CCA-A8AB-4EA8-9E5E-893AAFCC21CC}.Release|Any CPU.Build.0 = Release|Any CPU
		{4F0CEDFF-701F-4BCB-BE57-2B6D868F8482}.Debug|Any CPU.ActiveCfg = Debug|Any CPU
		{4F0CEDFF-701F-4BCB-BE57-2B6D868F8482}.Debug|Any CPU.Build.0 = Debug|Any CPU
		{4F0CEDFF-701F-4BCB-BE57-2B6D868F8482}.Release|Any CPU.ActiveCfg = Release|Any CPU
		{4F0CEDFF-701F-4BCB-BE57-2B6D868F8482}.Release|Any CPU.Build.0 = Release|Any CPU
		{F5A63A2F-198B-4B77-A567-2D839E90E2D5}.Debug|Any CPU.ActiveCfg = Debug|Any CPU
		{F5A63A2F-198B-4B77-A567-2D839E90E2D5}.Debug|Any CPU.Build.0 = Debug|Any CPU
		{F5A63A2F-198B-4B77-A567-2D839E90E2D5}.Release|Any CPU.ActiveCfg = Release|Any CPU
		{F5A63A2F-198B-4B77-A567-2D839E90E2D5}.Release|Any CPU.Build.0 = Release|Any CPU
		{8CD79991-87B9-4C71-828D-821C4C16FB65}.Debug|Any CPU.ActiveCfg = Debug|Any CPU
		{8CD79991-87B9-4C71-828D-821C4C16FB65}.Debug|Any CPU.Build.0 = Debug|Any CPU
		{8CD79991-87B9-4C71-828D-821C4C16FB65}.Release|Any CPU.ActiveCfg = Release|Any CPU
		{8CD79991-87B9-4C71-828D-821C4C16FB65}.Release|Any CPU.Build.0 = Release|Any CPU
		{B94DB05B-C036-4F06-8A54-A4F54FD29384}.Debug|Any CPU.ActiveCfg = Debug|Any CPU
		{B94DB05B-C036-4F06-8A54-A4F54FD29384}.Debug|Any CPU.Build.0 = Debug|Any CPU
		{B94DB05B-C036-4F06-8A54-A4F54FD29384}.Release|Any CPU.ActiveCfg = Release|Any CPU
		{B94DB05B-C036-4F06-8A54-A4F54FD29384}.Release|Any CPU.Build.0 = Release|Any CPU
		{590FA621-FBF7-4922-AD94-9B018E018094}.Debug|Any CPU.ActiveCfg = Debug|Any CPU
		{590FA621-FBF7-4922-AD94-9B018E018094}.Debug|Any CPU.Build.0 = Debug|Any CPU
		{590FA621-FBF7-4922-AD94-9B018E018094}.Release|Any CPU.ActiveCfg = Release|Any CPU
		{590FA621-FBF7-4922-AD94-9B018E018094}.Release|Any CPU.Build.0 = Release|Any CPU
		{50C38C23-C181-4F07-9B28-CC27BAC0D3A3}.Debug|Any CPU.ActiveCfg = Debug|Any CPU
		{50C38C23-C181-4F07-9B28-CC27BAC0D3A3}.Debug|Any CPU.Build.0 = Debug|Any CPU
		{50C38C23-C181-4F07-9B28-CC27BAC0D3A3}.Release|Any CPU.ActiveCfg = Release|Any CPU
		{50C38C23-C181-4F07-9B28-CC27BAC0D3A3}.Release|Any CPU.Build.0 = Release|Any CPU
		{FC15AE9E-C392-4022-BA52-18FB67C6971F}.Debug|Any CPU.ActiveCfg = Debug|Any CPU
		{FC15AE9E-C392-4022-BA52-18FB67C6971F}.Debug|Any CPU.Build.0 = Debug|Any CPU
		{FC15AE9E-C392-4022-BA52-18FB67C6971F}.Release|Any CPU.ActiveCfg = Release|Any CPU
		{FC15AE9E-C392-4022-BA52-18FB67C6971F}.Release|Any CPU.Build.0 = Release|Any CPU
		{BA940446-C7FC-4E42-89E6-07678CAD8533}.Debug|Any CPU.ActiveCfg = Debug|Any CPU
		{BA940446-C7FC-4E42-89E6-07678CAD8533}.Debug|Any CPU.Build.0 = Debug|Any CPU
		{BA940446-C7FC-4E42-89E6-07678CAD8533}.Release|Any CPU.ActiveCfg = Release|Any CPU
		{BA940446-C7FC-4E42-89E6-07678CAD8533}.Release|Any CPU.Build.0 = Release|Any CPU
		{5D855962-3DCA-4F31-8EA3-CAF8FE852A8F}.Debug|Any CPU.ActiveCfg = Debug|Any CPU
		{5D855962-3DCA-4F31-8EA3-CAF8FE852A8F}.Debug|Any CPU.Build.0 = Debug|Any CPU
		{5D855962-3DCA-4F31-8EA3-CAF8FE852A8F}.Release|Any CPU.ActiveCfg = Release|Any CPU
		{5D855962-3DCA-4F31-8EA3-CAF8FE852A8F}.Release|Any CPU.Build.0 = Release|Any CPU
		{61761649-0629-4674-AF62-BDF84FB2D9E3}.Debug|Any CPU.ActiveCfg = Debug|Any CPU
		{61761649-0629-4674-AF62-BDF84FB2D9E3}.Debug|Any CPU.Build.0 = Debug|Any CPU
		{61761649-0629-4674-AF62-BDF84FB2D9E3}.Release|Any CPU.ActiveCfg = Release|Any CPU
		{61761649-0629-4674-AF62-BDF84FB2D9E3}.Release|Any CPU.Build.0 = Release|Any CPU
		{134A718C-31B7-480F-AEDE-4BC6D331DF34}.Debug|Any CPU.ActiveCfg = Debug|Any CPU
		{134A718C-31B7-480F-AEDE-4BC6D331DF34}.Debug|Any CPU.Build.0 = Debug|Any CPU
		{134A718C-31B7-480F-AEDE-4BC6D331DF34}.Release|Any CPU.ActiveCfg = Release|Any CPU
		{134A718C-31B7-480F-AEDE-4BC6D331DF34}.Release|Any CPU.Build.0 = Release|Any CPU
		{E4C9E1EA-0B71-4301-8FBF-0C60C8F0EDF3}.Debug|Any CPU.ActiveCfg = Debug|Any CPU
		{E4C9E1EA-0B71-4301-8FBF-0C60C8F0EDF3}.Debug|Any CPU.Build.0 = Debug|Any CPU
		{E4C9E1EA-0B71-4301-8FBF-0C60C8F0EDF3}.Release|Any CPU.ActiveCfg = Release|Any CPU
		{E4C9E1EA-0B71-4301-8FBF-0C60C8F0EDF3}.Release|Any CPU.Build.0 = Release|Any CPU
		{36834C49-40E8-421C-96EF-6A28E287079E}.Debug|Any CPU.ActiveCfg = Debug|Any CPU
		{36834C49-40E8-421C-96EF-6A28E287079E}.Debug|Any CPU.Build.0 = Debug|Any CPU
		{36834C49-40E8-421C-96EF-6A28E287079E}.Release|Any CPU.ActiveCfg = Release|Any CPU
		{36834C49-40E8-421C-96EF-6A28E287079E}.Release|Any CPU.Build.0 = Release|Any CPU
		{32782446-6689-4055-9AC0-4E9913BE62F4}.Debug|Any CPU.ActiveCfg = Debug|Any CPU
		{32782446-6689-4055-9AC0-4E9913BE62F4}.Debug|Any CPU.Build.0 = Debug|Any CPU
		{32782446-6689-4055-9AC0-4E9913BE62F4}.Release|Any CPU.ActiveCfg = Release|Any CPU
		{32782446-6689-4055-9AC0-4E9913BE62F4}.Release|Any CPU.Build.0 = Release|Any CPU
	EndGlobalSection
	GlobalSection(SolutionProperties) = preSolution
		HideSolutionNode = FALSE
	EndGlobalSection
	GlobalSection(NestedProjects) = preSolution
		{55297842-FE34-47DE-8855-C6EA9A09AA77} = {02EA681E-C7D8-13C7-8484-4AC65E1B71E8}
		{3087ECD0-118D-4BC6-8389-B8A1D775A348} = {02EA681E-C7D8-13C7-8484-4AC65E1B71E8}
		{0C024F98-2D75-4A2E-B5EE-5561B936F21C} = {02EA681E-C7D8-13C7-8484-4AC65E1B71E8}
		{B2AD78FA-E44E-4D1E-AA65-2C3F23497AFC} = {508EC674-60C1-4775-BBC1-741A91BD9217}
		{59B29D38-0931-432E-B976-C557E77583F6} = {508EC674-60C1-4775-BBC1-741A91BD9217}
		{F10F6448-2A0B-4769-A8B4-BE4BED783BD6} = {508EC674-60C1-4775-BBC1-741A91BD9217}
		{4901B5C6-F67A-4963-96EE-BB947947B6E9} = {FB7B0301-3921-46BE-AE57-CEFA4AE45408}
		{21353F1B-0598-4575-9D82-5DEBA71C998C} = {FB7B0301-3921-46BE-AE57-CEFA4AE45408}
		{85504BEE-D9A5-45C9-A1E4-90DDD44580F5} = {FB7B0301-3921-46BE-AE57-CEFA4AE45408}
		{8F895CCA-A8AB-4EA8-9E5E-893AAFCC21CC} = {A2AAE962-B174-4023-B25E-8562168B854C}
		{4F0CEDFF-701F-4BCB-BE57-2B6D868F8482} = {A2AAE962-B174-4023-B25E-8562168B854C}
		{F5A63A2F-198B-4B77-A567-2D839E90E2D5} = {A2AAE962-B174-4023-B25E-8562168B854C}
		{8CD79991-87B9-4C71-828D-821C4C16FB65} = {AA6D7534-D418-40C9-90E0-2A9792316385}
		{B94DB05B-C036-4F06-8A54-A4F54FD29384} = {AA6D7534-D418-40C9-90E0-2A9792316385}
		{590FA621-FBF7-4922-AD94-9B018E018094} = {AA6D7534-D418-40C9-90E0-2A9792316385}
		{50C38C23-C181-4F07-9B28-CC27BAC0D3A3} = {A28551BB-0E18-4755-9AEF-71A1409E2F3E}
		{FC15AE9E-C392-4022-BA52-18FB67C6971F} = {A28551BB-0E18-4755-9AEF-71A1409E2F3E}
		{BA940446-C7FC-4E42-89E6-07678CAD8533} = {A28551BB-0E18-4755-9AEF-71A1409E2F3E}
		{5D855962-3DCA-4F31-8EA3-CAF8FE852A8F} = {D200BA67-CA4D-4746-AF1B-9D38310F3529}
		{61761649-0629-4674-AF62-BDF84FB2D9E3} = {D200BA67-CA4D-4746-AF1B-9D38310F3529}
		{134A718C-31B7-480F-AEDE-4BC6D331DF34} = {D200BA67-CA4D-4746-AF1B-9D38310F3529}
		{E4C9E1EA-0B71-4301-8FBF-0C60C8F0EDF3} = {EC137AF6-763E-4C06-83E4-8014C1A19829}
		{36834C49-40E8-421C-96EF-6A28E287079E} = {EC137AF6-763E-4C06-83E4-8014C1A19829}
		{32782446-6689-4055-9AC0-4E9913BE62F4} = {EC137AF6-763E-4C06-83E4-8014C1A19829}
	EndGlobalSection
	GlobalSection(ExtensibilityGlobals) = postSolution
		SolutionGuid = {EA1F9833-896D-4989-87D9-B3D79E3DCA4E}
	EndGlobalSection
EndGlobal
